header:
    version: 14
overrides:
    repos:
        oe-core:
            commit: 42fa856a00ac16b2a7a83d7ecfa60a5be192b16c
        bitbake:
            commit: cb28befc56d201cace72d70891e731b955fb567f
        meta-arm:
            commit: f3a2db0561d60aa0401beefe783ee91c8ebb3bcb
        meta-openembedded:
            commit: 420222862f5a6d95023b8f5f3b7e1808b2264ef9
        meta-virtualization:
            commit: 4ba5825ee16fcded87f4d555b4ed7a7615dc67ac
        meta-audioreach:
            commit: 4feaf103f9525e467fbefddbefd2e55465c88656
        meta-selinux:
            commit: f7306d7af4425553684a860df6f6d0ee66efba31
        meta-updater:
            commit: a8af24357121dc8614fd98f234b73d55005b0cc9
        meta-security:
            commit: 9265f142f3890df2d00d71d13b19e95a082707ed
        meta-dpdk:
            commit: c4e58978ce61c47c2f54206e07f9ad46be2ed257
